{
    "version": 3,
    "terraform_version": "0.11.10",
    "serial": 6,
    "lineage": "8fcd0040-29fe-0b7a-b2b6-ea558eb3c61f",
    "modules": [
        {
            "path": [
                "root"
            ],
            "outputs": {},
            "resources": {
                "azurerm_storage_account.storage": {
                    "type": "azurerm_storage_account",
                    "depends_on": [],
                    "primary": {
                        "id": "/subscriptions/360afc1e-3ed0-46fd-982b-038ca352b438/resourceGroups/jermainea/providers/Microsoft.Storage/storageAccounts/jermainea",
                        "attributes": {
                            "access_tier": "",
                            "account_encryption_source": "Microsoft.Storage",
                            "account_kind": "Storage",
                            "account_replication_type": "GRS",
                            "account_tier": "Standard",
                            "account_type": "Standard_GRS",
                            "enable_blob_encryption": "true",
                            "enable_file_encryption": "true",
                            "enable_https_traffic_only": "false",
                            "id": "/subscriptions/360afc1e-3ed0-46fd-982b-038ca352b438/resourceGroups/jermainea/providers/Microsoft.Storage/storageAccounts/jermainea",
                            "identity.#": "0",
                            "location": "westeurope",
                            "name": "jermainea",
                            "network_rules.#": "0",
                            "primary_access_key": "+njGq21idDQ3KbEanABFWxg9fSszs6T1ft7l1QWn7grEOl7SCPamVgndcoJG3B4OHF3ppEellwgWW2luyBRjiA==",
                            "primary_blob_connection_string": "DefaultEndpointsProtocol=https;BlobEndpoint=https://jermainea.blob.core.windows.net/;AccountName=jermainea;AccountKey=+njGq21idDQ3KbEanABFWxg9fSszs6T1ft7l1QWn7grEOl7SCPamVgndcoJG3B4OHF3ppEellwgWW2luyBRjiA==",
                            "primary_blob_endpoint": "https://jermainea.blob.core.windows.net/",
                            "primary_connection_string": "DefaultEndpointsProtocol=https;AccountName=jermainea;AccountKey=+njGq21idDQ3KbEanABFWxg9fSszs6T1ft7l1QWn7grEOl7SCPamVgndcoJG3B4OHF3ppEellwgWW2luyBRjiA==;EndpointSuffix=core.windows.net",
                            "primary_file_endpoint": "https://jermainea.file.core.windows.net/",
                            "primary_location": "westeurope",
                            "primary_queue_endpoint": "https://jermainea.queue.core.windows.net/",
                            "primary_table_endpoint": "https://jermainea.table.core.windows.net/",
                            "resource_group_name": "jermainea",
                            "secondary_access_key": "h5rXInIsZycCWtSFhvGFlP1L7xB+ssRRFJXl0fHs87/MsV70ob9NXmyAO1ZhJDGE9JYBjlMCQKxKBotX6cBj/Q==",
                            "secondary_connection_string": "DefaultEndpointsProtocol=https;AccountName=jermainea;AccountKey=h5rXInIsZycCWtSFhvGFlP1L7xB+ssRRFJXl0fHs87/MsV70ob9NXmyAO1ZhJDGE9JYBjlMCQKxKBotX6cBj/Q==;EndpointSuffix=core.windows.net",
                            "secondary_location": "northeurope",
                            "tags.%": "2",
                            "tags.Service": "Kubernetes",
                            "tags.environment": "jermainea"
                        },
                        "meta": {
                            "schema_version": "2"
                        },
                        "tainted": false
                    },
                    "deposed": [],
                    "provider": "provider.azurerm"
                }
            },
            "depends_on": []
        }
    ]
}
