{
    "version": 3,
    "terraform_version": "0.11.10",
    "serial": 16,
    "lineage": "743aed16-0f05-6bd7-bfc9-cb25b88188f7",
    "modules": [
        {
            "path": [
                "root"
            ],
            "outputs": {
                "location": {
                    "sensitive": false,
                    "type": "string",
                    "value": "westeurope"
                },
                "name": {
                    "sensitive": false,
                    "type": "string",
                    "value": "jermainea"
                }
            },
            "resources": {
                "azurerm_resource_group.rg": {
                    "type": "azurerm_resource_group",
                    "depends_on": [],
                    "primary": {
                        "id": "/subscriptions/360afc1e-3ed0-46fd-982b-038ca352b438/resourceGroups/jermainea",
                        "attributes": {
                            "id": "/subscriptions/360afc1e-3ed0-46fd-982b-038ca352b438/resourceGroups/jermainea",
                            "location": "westeurope",
                            "name": "jermainea",
                            "tags.%": "2",
                            "tags.Service": "Kubernetes",
                            "tags.environment": "jermainea"
                        },
                        "meta": {},
                        "tainted": false
                    },
                    "deposed": [],
                    "provider": "provider.azurerm"
                }
            },
            "depends_on": []
        }
    ]
}
