{
    "version": 3,
    "terraform_version": "0.11.10",
    "serial": 3,
    "lineage": "e0bc1412-3d89-46da-3cb2-940486503177",
    "modules": [
        {
            "path": [
                "root"
            ],
            "outputs": {},
            "resources": {
                "azurerm_log_analytics_workspace.logs": {
                    "type": "azurerm_log_analytics_workspace",
                    "depends_on": [
                        "module.storage"
                    ],
                    "primary": {
                        "id": "/subscriptions/360afc1e-3ed0-46fd-982b-038ca352b438/resourcegroups/jermainea/providers/microsoft.operationalinsights/workspaces/jermainea",
                        "attributes": {
                            "id": "/subscriptions/360afc1e-3ed0-46fd-982b-038ca352b438/resourcegroups/jermainea/providers/microsoft.operationalinsights/workspaces/jermainea",
                            "location": "westeurope",
                            "name": "jermainea",
                            "portal_url": "https://weu.mms.microsoft.com/Account?tenant=8634d27a-013f-4953-b957-60fdb603213d\u0026resource=%2fsubscriptions%2f360afc1e-3ed0-46fd-982b-038ca352b438%2fresourcegroups%2fjermainea%2fproviders%2fmicrosoft.operationalinsights%2fworkspaces%2fjermainea",
                            "primary_shared_key": "A5iXIq2zq3xM/QV1GpSKemwAaVP4oxCbye1DDXCETsHLfMxit4cA6+OShfsThAYtk3t8DxX9U+CSyX/nWww5HA==",
                            "resource_group_name": "jermainea",
                            "retention_in_days": "7",
                            "secondary_shared_key": "4aIKGXFkOnWmFEBUY9ZRL45lWiJcx8WdlPVQAvkFLhUVqLG+MRFkyKMO60vg6xLR/n/RenMqcxZyt8IebWKTmw==",
                            "sku": "free",
                            "tags.%": "0",
                            "workspace_id": "72ec9853-b5f5-43a3-8b79-5924e82b0eec"
                        },
                        "meta": {},
                        "tainted": false
                    },
                    "deposed": [],
                    "provider": "provider.azurerm"
                }
            },
            "depends_on": []
        },
        {
            "path": [
                "root",
                "storage"
            ],
            "outputs": {},
            "resources": {
                "azurerm_storage_account.storage": {
                    "type": "azurerm_storage_account",
                    "depends_on": [],
                    "primary": {
                        "id": "/subscriptions/360afc1e-3ed0-46fd-982b-038ca352b438/resourceGroups/jermainea/providers/Microsoft.Storage/storageAccounts/jermainea",
                        "attributes": {
                            "access_tier": "",
                            "account_encryption_source": "Microsoft.Storage",
                            "account_kind": "Storage",
                            "account_replication_type": "GRS",
                            "account_tier": "Standard",
                            "account_type": "Standard_GRS",
                            "enable_blob_encryption": "true",
                            "enable_file_encryption": "true",
                            "enable_https_traffic_only": "false",
                            "id": "/subscriptions/360afc1e-3ed0-46fd-982b-038ca352b438/resourceGroups/jermainea/providers/Microsoft.Storage/storageAccounts/jermainea",
                            "identity.#": "0",
                            "location": "westeurope",
                            "name": "jermainea",
                            "network_rules.#": "0",
                            "primary_access_key": "4deyjP5YbA0Dl3rVsBZ+8uOplSuQNTjhFHklKbGdDUjLOygh/8J4tdg0lM6h4cwWzfg1qJht4+fn9fRMZTMpfg==",
                            "primary_blob_connection_string": "DefaultEndpointsProtocol=https;BlobEndpoint=https://jermainea.blob.core.windows.net/;AccountName=jermainea;AccountKey=4deyjP5YbA0Dl3rVsBZ+8uOplSuQNTjhFHklKbGdDUjLOygh/8J4tdg0lM6h4cwWzfg1qJht4+fn9fRMZTMpfg==",
                            "primary_blob_endpoint": "https://jermainea.blob.core.windows.net/",
                            "primary_connection_string": "DefaultEndpointsProtocol=https;AccountName=jermainea;AccountKey=4deyjP5YbA0Dl3rVsBZ+8uOplSuQNTjhFHklKbGdDUjLOygh/8J4tdg0lM6h4cwWzfg1qJht4+fn9fRMZTMpfg==;EndpointSuffix=core.windows.net",
                            "primary_file_endpoint": "https://jermainea.file.core.windows.net/",
                            "primary_location": "westeurope",
                            "primary_queue_endpoint": "https://jermainea.queue.core.windows.net/",
                            "primary_table_endpoint": "https://jermainea.table.core.windows.net/",
                            "resource_group_name": "jermainea",
                            "secondary_access_key": "lG85SjMZPieuUI5EdJuslZB6vhZ0PAlH1YRZi5pDJohSVMwTOoURpkgy0VtTaH3Oea3uNRXjwr42CoJMMbk4hg==",
                            "secondary_connection_string": "DefaultEndpointsProtocol=https;AccountName=jermainea;AccountKey=lG85SjMZPieuUI5EdJuslZB6vhZ0PAlH1YRZi5pDJohSVMwTOoURpkgy0VtTaH3Oea3uNRXjwr42CoJMMbk4hg==;EndpointSuffix=core.windows.net",
                            "secondary_location": "northeurope",
                            "tags.%": "2",
                            "tags.Service": "Kubernetes",
                            "tags.environment": "jermainea"
                        },
                        "meta": {
                            "schema_version": "2"
                        },
                        "tainted": false
                    },
                    "deposed": [],
                    "provider": "provider.azurerm"
                }
            },
            "depends_on": []
        }
    ]
}
